// !$*UTF8*$!
{
	archiveVersion = 1;
	classes = {
	};
	objectVersion = 50;
	objects = {

/* Begin PBXBuildFile section */
		B3F0A9CC278BF41F002FD843 /* AppDelegate.swift in Sources */ = {isa = PBXBuildFile; fileRef = B3F0A9CB278BF41F002FD843 /* AppDelegate.swift */; };
		B3F0A9CE278BF41F002FD843 /* SceneDelegate.swift in Sources */ = {isa = PBXBuildFile; fileRef = B3F0A9CD278BF41F002FD843 /* SceneDelegate.swift */; };
		B3F0A9D0278BF41F002FD843 /* ViewController.swift in Sources */ = {isa = PBXBuildFile; fileRef = B3F0A9CF278BF41F002FD843 /* ViewController.swift */; };
		B3F0A9D3278BF41F002FD843 /* Main.storyboard in Resources */ = {isa = PBXBuildFile; fileRef = B3F0A9D1278BF41F002FD843 /* Main.storyboard */; };
		B3F0A9D5278BF421002FD843 /* Assets.xcassets in Resources */ = {isa = PBXBuildFile; fileRef = B3F0A9D4278BF421002FD843 /* Assets.xcassets */; };
		B3F0A9D8278BF421002FD843 /* LaunchScreen.storyboard in Resources */ = {isa = PBXBuildFile; fileRef = B3F0A9D6278BF421002FD843 /* LaunchScreen.storyboard */; };
		B3F0A9E3278BF421002FD843 /* functionsTests.swift in Sources */ = {isa = PBXBuildFile; fileRef = B3F0A9E2278BF421002FD843 /* functionsTests.swift */; };
		B3F0A9EE278BF421002FD843 /* functionsUITests.swift in Sources */ = {isa = PBXBuildFile; fileRef = B3F0A9ED278BF421002FD843 /* functionsUITests.swift */; };
/* End PBXBuildFile section */

/* Begin PBXContainerItemProxy section */
		B3F0A9DF278BF421002FD843 /* PBXContainerItemProxy */ = {
			isa = PBXContainerItemProxy;
			containerPortal = B3F0A9C0278BF41F002FD843 /* Project object */;
			proxyType = 1;
			remoteGlobalIDString = B3F0A9C7278BF41F002FD843;
			remoteInfo = functions;
		};
		B3F0A9EA278BF421002FD843 /* PBXContainerItemProxy */ = {
			isa = PBXContainerItemProxy;
			containerPortal = B3F0A9C0278BF41F002FD843 /* Project object */;
			proxyType = 1;
			remoteGlobalIDString = B3F0A9C7278BF41F002FD843;
			remoteInfo = functions;
		};
/* End PBXContainerItemProxy section */

/* Begin PBXFileReference section */
		B3F0A9C8278BF41F002FD843 /* functions.app */ = {isa = PBXFileReference; explicitFileType = wrapper.application; includeInIndex = 0; path = functions.app; sourceTree = BUILT_PRODUCTS_DIR; };
		B3F0A9CB278BF41F002FD843 /* AppDelegate.swift */ = {isa = PBXFileReference; lastKnownFileType = sourcecode.swift; path = AppDelegate.swift; sourceTree = "<group>"; };
		B3F0A9CD278BF41F002FD843 /* SceneDelegate.swift */ = {isa = PBXFileReference; lastKnownFileType = sourcecode.swift; path = SceneDelegate.swift; sourceTree = "<group>"; };
		B3F0A9CF278BF41F002FD843 /* ViewController.swift */ = {isa = PBXFileReference; lastKnownFileType = sourcecode.swift; path = ViewController.swift; sourceTree = "<group>"; };
		B3F0A9D2278BF41F002FD843 /* Base */ = {isa = PBXFileReference; lastKnownFileType = file.storyboard; name = Base; path = Base.lproj/Main.storyboard; sourceTree = "<group>"; };
		B3F0A9D4278BF421002FD843 /* Assets.xcassets */ = {isa = PBXFileReference; lastKnownFileType = folder.assetcatalog; path = Assets.xcassets; sourceTree = "<group>"; };
		B3F0A9D7278BF421002FD843 /* Base */ = {isa = PBXFileReference; lastKnownFileType = file.storyboard; name = Base; path = Base.lproj/LaunchScreen.storyboard; sourceTree = "<group>"; };
		B3F0A9D9278BF421002FD843 /* Info.plist */ = {isa = PBXFileReference; lastKnownFileType = text.plist.xml; path = Info.plist; sourceTree = "<group>"; };
		B3F0A9DE278BF421002FD843 /* functionsTests.xctest */ = {isa = PBXFileReference; explicitFileType = wrapper.cfbundle; includeInIndex = 0; path = functionsTests.xctest; sourceTree = BUILT_PRODUCTS_DIR; };
		B3F0A9E2278BF421002FD843 /* functionsTests.swift */ = {isa = PBXFileReference; lastKnownFileType = sourcecode.swift; path = functionsTests.swift; sourceTree = "<group>"; };
		B3F0A9E4278BF421002FD843 /* Info.plist */ = {isa = PBXFileReference; lastKnownFileType = text.plist.xml; path = Info.plist; sourceTree = "<group>"; };
		B3F0A9E9278BF421002FD843 /* functionsUITests.xctest */ = {isa = PBXFileReference; explicitFileType = wrapper.cfbundle; includeInIndex = 0; path = functionsUITests.xctest; sourceTree = BUILT_PRODUCTS_DIR; };
		B3F0A9ED278BF421002FD843 /* functionsUITests.swift */ = {isa = PBXFileReference; lastKnownFileType = sourcecode.swift; path = functionsUITests.swift; sourceTree = "<group>"; };
		B3F0A9EF278BF421002FD843 /* Info.plist */ = {isa = PBXFileReference; lastKnownFileType = text.plist.xml; path = Info.plist; sourceTree = "<group>"; };
/* End PBXFileReference section */

/* Begin PBXFrameworksBuildPhase section */
		B3F0A9C5278BF41F002FD843 /* Frameworks */ = {
			isa = PBXFrameworksBuildPhase;
			buildActionMask = 2147483647;
			files = (
			);
			runOnlyForDeploymentPostprocessing = 0;
		};
		B3F0A9DB278BF421002FD843 /* Frameworks */ = {
			isa = PBXFrameworksBuildPhase;
			buildActionMask = 2147483647;
			files = (
			);
			runOnlyForDeploymentPostprocessing = 0;
		};
		B3F0A9E6278BF421002FD843 /* Frameworks */ = {
			isa = PBXFrameworksBuildPhase;
			buildActionMask = 2147483647;
			files = (
			);
			runOnlyForDeploymentPostprocessing = 0;
		};
/* End PBXFrameworksBuildPhase section */

/* Begin PBXGroup section */
		B3F0A9BF278BF41F002FD843 = {
			isa = PBXGroup;
			children = (
				B3F0A9CA278BF41F002FD843 /* functions */,
				B3F0A9E1278BF421002FD843 /* functionsTests */,
				B3F0A9EC278BF421002FD843 /* functionsUITests */,
				B3F0A9C9278BF41F002FD843 /* Products */,
			);
			sourceTree = "<group>";
		};
		B3F0A9C9278BF41F002FD843 /* Products */ = {
			isa = PBXGroup;
			children = (
				B3F0A9C8278BF41F002FD843 /* functions.app */,
				B3F0A9DE278BF421002FD843 /* functionsTests.xctest */,
				B3F0A9E9278BF421002FD843 /* functionsUITests.xctest */,
			);
			name = Products;
			sourceTree = "<group>";
		};
		B3F0A9CA278BF41F002FD843 /* functions */ = {
			isa = PBXGroup;
			children = (
				B3F0A9CB278BF41F002FD843 /* AppDelegate.swift */,
				B3F0A9CD278BF41F002FD843 /* SceneDelegate.swift */,
				B3F0A9CF278BF41F002FD843 /* ViewController.swift */,
				B3F0A9D1278BF41F002FD843 /* Main.storyboard */,
				B3F0A9D4278BF421002FD843 /* Assets.xcassets */,
				B3F0A9D6278BF421002FD843 /* LaunchScreen.storyboard */,
				B3F0A9D9278BF421002FD843 /* Info.plist */,
			);
			path = functions;
			sourceTree = "<group>";
		};
		B3F0A9E1278BF421002FD843 /* functionsTests */ = {
			isa = PBXGroup;
			children = (
				B3F0A9E2278BF421002FD843 /* functionsTests.swift */,
				B3F0A9E4278BF421002FD843 /* Info.plist */,
			);
			path = functionsTests;
			sourceTree = "<group>";
		};
		B3F0A9EC278BF421002FD843 /* functionsUITests */ = {
			isa = PBXGroup;
			children = (
				B3F0A9ED278BF421002FD843 /* functionsUITests.swift */,
				B3F0A9EF278BF421002FD843 /* Info.plist */,
			);
			path = functionsUITests;
			sourceTree = "<group>";
		};
/* End PBXGroup section */

/* Begin PBXNativeTarget section */
		B3F0A9C7278BF41F002FD843 /* functions */ = {
			isa = PBXNativeTarget;
			buildConfigurationList = B3F0A9F2278BF421002FD843 /* Build configuration list for PBXNativeTarget "functions" */;
			buildPhases = (
				B3F0A9C4278BF41F002FD843 /* Sources */,
				B3F0A9C5278BF41F002FD843 /* Frameworks */,
				B3F0A9C6278BF41F002FD843 /* Resources */,
			);
			buildRules = (
			);
			dependencies = (
			);
			name = functions;
			productName = functions;
			productReference = B3F0A9C8278BF41F002FD843 /* functions.app */;
			productType = "com.apple.product-type.application";
		};
		B3F0A9DD278BF421002FD843 /* functionsTests */ = {
			isa = PBXNativeTarget;
			buildConfigurationList = B3F0A9F5278BF421002FD843 /* Build configuration list for PBXNativeTarget "functionsTests" */;
			buildPhases = (
				B3F0A9DA278BF421002FD843 /* Sources */,
				B3F0A9DB278BF421002FD843 /* Frameworks */,
				B3F0A9DC278BF421002FD843 /* Resources */,
			);
			buildRules = (
			);
			dependencies = (
				B3F0A9E0278BF421002FD843 /* PBXTargetDependency */,
			);
			name = functionsTests;
			productName = functionsTests;
			productReference = B3F0A9DE278BF421002FD843 /* functionsTests.xctest */;
			productType = "com.apple.product-type.bundle.unit-test";
		};
		B3F0A9E8278BF421002FD843 /* functionsUITests */ = {
			isa = PBXNativeTarget;
			buildConfigurationList = B3F0A9F8278BF421002FD843 /* Build configuration list for PBXNativeTarget "functionsUITests" */;
			buildPhases = (
				B3F0A9E5278BF421002FD843 /* Sources */,
				B3F0A9E6278BF421002FD843 /* Frameworks */,
				B3F0A9E7278BF421002FD843 /* Resources */,
			);
			buildRules = (
			);
			dependencies = (
				B3F0A9EB278BF421002FD843 /* PBXTargetDependency */,
			);
			name = functionsUITests;
			productName = functionsUITests;
			productReference = B3F0A9E9278BF421002FD843 /* functionsUITests.xctest */;
			productType = "com.apple.product-type.bundle.ui-testing";
		};
/* End PBXNativeTarget section */

/* Begin PBXProject section */
		B3F0A9C0278BF41F002FD843 /* Project object */ = {
			isa = PBXProject;
			attributes = {
				LastSwiftUpdateCheck = 1250;
				LastUpgradeCheck = 1250;
				TargetAttributes = {
					B3F0A9C7278BF41F002FD843 = {
						CreatedOnToolsVersion = 12.5.1;
					};
					B3F0A9DD278BF421002FD843 = {
						CreatedOnToolsVersion = 12.5.1;
						TestTargetID = B3F0A9C7278BF41F002FD843;
					};
					B3F0A9E8278BF421002FD843 = {
						CreatedOnToolsVersion = 12.5.1;
						TestTargetID = B3F0A9C7278BF41F002FD843;
					};
				};
			};
			buildConfigurationList = B3F0A9C3278BF41F002FD843 /* Build configuration list for PBXProject "functions" */;
			compatibilityVersion = "Xcode 9.3";
			developmentRegion = en;
			hasScannedForEncodings = 0;
			knownRegions = (
				en,
				Base,
			);
			mainGroup = B3F0A9BF278BF41F002FD843;
			productRefGroup = B3F0A9C9278BF41F002FD843 /* Products */;
			projectDirPath = "";
			projectRoot = "";
			targets = (
				B3F0A9C7278BF41F002FD843 /* functions */,
				B3F0A9DD278BF421002FD843 /* functionsTests */,
				B3F0A9E8278BF421002FD843 /* functionsUITests */,
			);
		};
/* End PBXProject section */

/* Begin PBXResourcesBuildPhase section */
		B3F0A9C6278BF41F002FD843 /* Resources */ = {
			isa = PBXResourcesBuildPhase;
			buildActionMask = 2147483647;
			files = (
				B3F0A9D8278BF421002FD843 /* LaunchScreen.storyboard in Resources */,
				B3F0A9D5278BF421002FD843 /* Assets.xcassets in Resources */,
				B3F0A9D3278BF41F002FD843 /* Main.storyboard in Resources */,
			);
			runOnlyForDeploymentPostprocessing = 0;
		};
		B3F0A9DC278BF421002FD843 /* Resources */ = {
			isa = PBXResourcesBuildPhase;
			buildActionMask = 2147483647;
			files = (
			);
			runOnlyForDeploymentPostprocessing = 0;
		};
		B3F0A9E7278BF421002FD843 /* Resources */ = {
			isa = PBXResourcesBuildPhase;
			buildActionMask = 2147483647;
			files = (
			);
			runOnlyForDeploymentPostprocessing = 0;
		};
/* End PBXResourcesBuildPhase section */

/* Begin PBXSourcesBuildPhase section */
		B3F0A9C4278BF41F002FD843 /* Sources */ = {
			isa = PBXSourcesBuildPhase;
			buildActionMask = 2147483647;
			files = (
				B3F0A9D0278BF41F002FD843 /* ViewController.swift in Sources */,
				B3F0A9CC278BF41F002FD843 /* AppDelegate.swift in Sources */,
				B3F0A9CE278BF41F002FD843 /* SceneDelegate.swift in Sources */,
			);
			runOnlyForDeploymentPostprocessing = 0;
		};
		B3F0A9DA278BF421002FD843 /* Sources */ = {
			isa = PBXSourcesBuildPhase;
			buildActionMask = 2147483647;
			files = (
				B3F0A9E3278BF421002FD843 /* functionsTests.swift in Sources */,
			);
			runOnlyForDeploymentPostprocessing = 0;
		};
		B3F0A9E5278BF421002FD843 /* Sources */ = {
			isa = PBXSourcesBuildPhase;
			buildActionMask = 2147483647;
			files = (
				B3F0A9EE278BF421002FD843 /* functionsUITests.swift in Sources */,
			);
			runOnlyForDeploymentPostprocessing = 0;
		};
/* End PBXSourcesBuildPhase section */

/* Begin PBXTargetDependency section */
		B3F0A9E0278BF421002FD843 /* PBXTargetDependency */ = {
			isa = PBXTargetDependency;
			target = B3F0A9C7278BF41F002FD843 /* functions */;
			targetProxy = B3F0A9DF278BF421002FD843 /* PBXContainerItemProxy */;
		};
		B3F0A9EB278BF421002FD843 /* PBXTargetDependency */ = {
			isa = PBXTargetDependency;
			target = B3F0A9C7278BF41F002FD843 /* functions */;
			targetProxy = B3F0A9EA278BF421002FD843 /* PBXContainerItemProxy */;
		};
/* End PBXTargetDependency section */

/* Begin PBXVariantGroup section */
		B3F0A9D1278BF41F002FD843 /* Main.storyboard */ = {
			isa = PBXVariantGroup;
			children = (
				B3F0A9D2278BF41F002FD843 /* Base */,
			);
			name = Main.storyboard;
			sourceTree = "<group>";
		};
		B3F0A9D6278BF421002FD843 /* LaunchScreen.storyboard */ = {
			isa = PBXVariantGroup;
			children = (
				B3F0A9D7278BF421002FD843 /* Base */,
			);
			name = LaunchScreen.storyboard;
			sourceTree = "<group>";
		};
/* End PBXVariantGroup section */

/* Begin XCBuildConfiguration section */
		B3F0A9F0278BF421002FD843 /* Debug */ = {
			isa = XCBuildConfiguration;
			buildSettings = {
				ALWAYS_SEARCH_USER_PATHS = NO;
				CLANG_ANALYZER_NONNULL = YES;
				CLANG_ANALYZER_NUMBER_OBJECT_CONVERSION = YES_AGGRESSIVE;
				CLANG_CXX_LANGUAGE_STANDARD = "gnu++14";
				CLANG_CXX_LIBRARY = "libc++";
				CLANG_ENABLE_MODULES = YES;
				CLANG_ENABLE_OBJC_ARC = YES;
				CLANG_ENABLE_OBJC_WEAK = YES;
				CLANG_WARN_BLOCK_CAPTURE_AUTORELEASING = YES;
				CLANG_WARN_BOOL_CONVERSION = YES;
				CLANG_WARN_COMMA = YES;
				CLANG_WARN_CONSTANT_CONVERSION = YES;
				CLANG_WARN_DEPRECATED_OBJC_IMPLEMENTATIONS = YES;
				CLANG_WARN_DIRECT_OBJC_ISA_USAGE = YES_ERROR;
				CLANG_WARN_DOCUMENTATION_COMMENTS = YES;
				CLANG_WARN_EMPTY_BODY = YES;
				CLANG_WARN_ENUM_CONVERSION = YES;
				CLANG_WARN_INFINITE_RECURSION = YES;
				CLANG_WARN_INT_CONVERSION = YES;
				CLANG_WARN_NON_LITERAL_NULL_CONVERSION = YES;
				CLANG_WARN_OBJC_IMPLICIT_RETAIN_SELF = YES;
				CLANG_WARN_OBJC_LITERAL_CONVERSION = YES;
				CLANG_WARN_OBJC_ROOT_CLASS = YES_ERROR;
				CLANG_WARN_QUOTED_INCLUDE_IN_FRAMEWORK_HEADER = YES;
				CLANG_WARN_RANGE_LOOP_ANALYSIS = YES;
				CLANG_WARN_STRICT_PROTOTYPES = YES;
				CLANG_WARN_SUSPICIOUS_MOVE = YES;
				CLANG_WARN_UNGUARDED_AVAILABILITY = YES_AGGRESSIVE;
				CLANG_WARN_UNREACHABLE_CODE = YES;
				CLANG_WARN__DUPLICATE_METHOD_MATCH = YES;
				COPY_PHASE_STRIP = NO;
				DEBUG_INFORMATION_FORMAT = dwarf;
				ENABLE_STRICT_OBJC_MSGSEND = YES;
				ENABLE_TESTABILITY = YES;
				GCC_C_LANGUAGE_STANDARD = gnu11;
				GCC_DYNAMIC_NO_PIC = NO;
				GCC_NO_COMMON_BLOCKS = YES;
				GCC_OPTIMIZATION_LEVEL = 0;
				GCC_PREPROCESSOR_DEFINITIONS = (
					"DEBUG=1",
					"$(inherited)",
				);
				GCC_WARN_64_TO_32_BIT_CONVERSION = YES;
				GCC_WARN_ABOUT_RETURN_TYPE = YES_ERROR;
				GCC_WARN_UNDECLARED_SELECTOR = YES;
				GCC_WARN_UNINITIALIZED_AUTOS = YES_AGGRESSIVE;
				GCC_WARN_UNUSED_FUNCTION = YES;
				GCC_WARN_UNUSED_VARIABLE = YES;
				IPHONEOS_DEPLOYMENT_TARGET = 14.5;
				MTL_ENABLE_DEBUG_INFO = INCLUDE_SOURCE;
				MTL_FAST_MATH = YES;
				ONLY_ACTIVE_ARCH = YES;
				SDKROOT = iphoneos;
				SWIFT_ACTIVE_COMPILATION_CONDITIONS = DEBUG;
				SWIFT_OPTIMIZATION_LEVEL = "-Onone";
			};
			name = Debug;
		};
		B3F0A9F1278BF421002FD843 /* Release */ = {
			isa = XCBuildConfiguration;
			buildSettings = {
				ALWAYS_SEARCH_USER_PATHS = NO;
				CLANG_ANALYZER_NONNULL = YES;
				CLANG_ANALYZER_NUMBER_OBJECT_CONVERSION = YES_AGGRESSIVE;
				CLANG_CXX_LANGUAGE_STANDARD = "gnu++14";
				CLANG_CXX_LIBRARY = "libc++";
				CLANG_ENABLE_MODULES = YES;
				CLANG_ENABLE_OBJC_ARC = YES;
				CLANG_ENABLE_OBJC_WEAK = YES;
				CLANG_WARN_BLOCK_CAPTURE_AUTORELEASING = YES;
				CLANG_WARN_BOOL_CONVERSION = YES;
				CLANG_WARN_COMMA = YES;
				CLANG_WARN_CONSTANT_CONVERSION = YES;
				CLANG_WARN_DEPRECATED_OBJC_IMPLEMENTATIONS = YES;
				CLANG_WARN_DIRECT_OBJC_ISA_USAGE = YES_ERROR;
				CLANG_WARN_DOCUMENTATION_COMMENTS = YES;
				CLANG_WARN_EMPTY_BODY = YES;
				CLANG_WARN_ENUM_CONVERSION = YES;
				CLANG_WARN_INFINITE_RECURSION = YES;
				CLANG_WARN_INT_CONVERSION = YES;
				CLANG_WARN_NON_LITERAL_NULL_CONVERSION = YES;
				CLANG_WARN_OBJC_IMPLICIT_RETAIN_SELF = YES;
				CLANG_WARN_OBJC_LITERAL_CONVERSION = YES;
				CLANG_WARN_OBJC_ROOT_CLASS = YES_ERROR;
				CLANG_WARN_QUOTED_INCLUDE_IN_FRAMEWORK_HEADER = YES;
				CLANG_WARN_RANGE_LOOP_ANALYSIS = YES;
				CLANG_WARN_STRICT_PROTOTYPES = YES;
				CLANG_WARN_SUSPICIOUS_MOVE = YES;
				CLANG_WARN_UNGUARDED_AVAILABILITY = YES_AGGRESSIVE;
				CLANG_WARN_UNREACHABLE_CODE = YES;
				CLANG_WARN__DUPLICATE_METHOD_MATCH = YES;
				COPY_PHASE_STRIP = NO;
				DEBUG_INFORMATION_FORMAT = "dwarf-with-dsym";
				ENABLE_NS_ASSERTIONS = NO;
				ENABLE_STRICT_OBJC_MSGSEND = YES;
				GCC_C_LANGUAGE_STANDARD = gnu11;
				GCC_NO_COMMON_BLOCKS = YES;
				GCC_WARN_64_TO_32_BIT_CONVERSION = YES;
				GCC_WARN_ABOUT_RETURN_TYPE = YES_ERROR;
				GCC_WARN_UNDECLARED_SELECTOR = YES;
				GCC_WARN_UNINITIALIZED_AUTOS = YES_AGGRESSIVE;
				GCC_WARN_UNUSED_FUNCTION = YES;
				GCC_WARN_UNUSED_VARIABLE = YES;
				IPHONEOS_DEPLOYMENT_TARGET = 14.5;
				MTL_ENABLE_DEBUG_INFO = NO;
				MTL_FAST_MATH = YES;
				SDKROOT = iphoneos;
				SWIFT_COMPILATION_MODE = wholemodule;
				SWIFT_OPTIMIZATION_LEVEL = "-O";
				VALIDATE_PRODUCT = YES;
			};
			name = Release;
		};
		B3F0A9F3278BF421002FD843 /* Debug */ = {
			isa = XCBuildConfiguration;
			buildSettings = {
				ASSETCATALOG_COMPILER_APPICON_NAME = AppIcon;
				ASSETCATALOG_COMPILER_GLOBAL_ACCENT_COLOR_NAME = AccentColor;
				CODE_SIGN_STYLE = Automatic;
				INFOPLIST_FILE = functions/Info.plist;
				LD_RUNPATH_SEARCH_PATHS = (
					"$(inherited)",
					"@executable_path/Frameworks",
				);
				PRODUCT_BUNDLE_IDENTIFIER = byot.functions;
				PRODUCT_NAME = "$(TARGET_NAME)";
				SWIFT_VERSION = 5.0;
				TARGETED_DEVICE_FAMILY = "1,2";
			};
			name = Debug;
		};
		B3F0A9F4278BF421002FD843 /* Release */ = {
			isa = XCBuildConfiguration;
			buildSettings = {
				ASSETCATALOG_COMPILER_APPICON_NAME = AppIcon;
				ASSETCATALOG_COMPILER_GLOBAL_ACCENT_COLOR_NAME = AccentColor;
				CODE_SIGN_STYLE = Automatic;
				INFOPLIST_FILE = functions/Info.plist;
				LD_RUNPATH_SEARCH_PATHS = (
					"$(inherited)",
					"@executable_path/Frameworks",
				);
				PRODUCT_BUNDLE_IDENTIFIER = byot.functions;
				PRODUCT_NAME = "$(TARGET_NAME)";
				SWIFT_VERSION = 5.0;
				TARGETED_DEVICE_FAMILY = "1,2";
			};
			name = Release;
		};
		B3F0A9F6278BF421002FD843 /* Debug */ = {
			isa = XCBuildConfiguration;
			buildSettings = {
				ALWAYS_EMBED_SWIFT_STANDARD_LIBRARIES = YES;
				BUNDLE_LOADER = "$(TEST_HOST)";
				CODE_SIGN_STYLE = Automatic;
				INFOPLIST_FILE = functionsTests/Info.plist;
				IPHONEOS_DEPLOYMENT_TARGET = 14.5;
				LD_RUNPATH_SEARCH_PATHS = (
					"$(inherited)",
					"@executable_path/Frameworks",
					"@loader_path/Frameworks",
				);
				PRODUCT_BUNDLE_IDENTIFIER = byot.functionsTests;
				PRODUCT_NAME = "$(TARGET_NAME)";
				SWIFT_VERSION = 5.0;
				TARGETED_DEVICE_FAMILY = "1,2";
				TEST_HOST = "$(BUILT_PRODUCTS_DIR)/functions.app/functions";
			};
			name = Debug;
		};
		B3F0A9F7278BF421002FD843 /* Release */ = {
			isa = XCBuildConfiguration;
			buildSettings = {
				ALWAYS_EMBED_SWIFT_STANDARD_LIBRARIES = YES;
				BUNDLE_LOADER = "$(TEST_HOST)";
				CODE_SIGN_STYLE = Automatic;
				INFOPLIST_FILE = functionsTests/Info.plist;
				IPHONEOS_DEPLOYMENT_TARGET = 14.5;
				LD_RUNPATH_SEARCH_PATHS = (
					"$(inherited)",
					"@executable_path/Frameworks",
					"@loader_path/Frameworks",
				);
				PRODUCT_BUNDLE_IDENTIFIER = byot.functionsTests;
				PRODUCT_NAME = "$(TARGET_NAME)";
				SWIFT_VERSION = 5.0;
				TARGETED_DEVICE_FAMILY = "1,2";
				TEST_HOST = "$(BUILT_PRODUCTS_DIR)/functions.app/functions";
			};
			name = Release;
		};
		B3F0A9F9278BF421002FD843 /* Debug */ = {
			isa = XCBuildConfiguration;
			buildSettings = {
				ALWAYS_EMBED_SWIFT_STANDARD_LIBRARIES = YES;
				CODE_SIGN_STYLE = Automatic;
				INFOPLIST_FILE = functionsUITests/Info.plist;
				LD_RUNPATH_SEARCH_PATHS = (
					"$(inherited)",
					"@executable_path/Frameworks",
					"@loader_path/Frameworks",
				);
				PRODUCT_BUNDLE_IDENTIFIER = byot.functionsUITests;
				PRODUCT_NAME = "$(TARGET_NAME)";
				SWIFT_VERSION = 5.0;
				TARGETED_DEVICE_FAMILY = "1,2";
				TEST_TARGET_NAME = functions;
			};
			name = Debug;
		};
		B3F0A9FA278BF421002FD843 /* Release */ = {
			isa = XCBuildConfiguration;
			buildSettings = {
				ALWAYS_EMBED_SWIFT_STANDARD_LIBRARIES = YES;
				CODE_SIGN_STYLE = Automatic;
				INFOPLIST_FILE = functionsUITests/Info.plist;
				LD_RUNPATH_SEARCH_PATHS = (
					"$(inherited)",
					"@executable_path/Frameworks",
					"@loader_path/Frameworks",
				);
				PRODUCT_BUNDLE_IDENTIFIER = byot.functionsUITests;
				PRODUCT_NAME = "$(TARGET_NAME)";
				SWIFT_VERSION = 5.0;
				TARGETED_DEVICE_FAMILY = "1,2";
				TEST_TARGET_NAME = functions;
			};
			name = Release;
		};
/* End XCBuildConfiguration section */

/* Begin XCConfigurationList section */
		B3F0A9C3278BF41F002FD843 /* Build configuration list for PBXProject "functions" */ = {
			isa = XCConfigurationList;
			buildConfigurations = (
				B3F0A9F0278BF421002FD843 /* Debug */,
				B3F0A9F1278BF421002FD843 /* Release */,
			);
			defaultConfigurationIsVisible = 0;
			defaultConfigurationName = Release;
		};
		B3F0A9F2278BF421002FD843 /* Build configuration list for PBXNativeTarget "functions" */ = {
			isa = XCConfigurationList;
			buildConfigurations = (
				B3F0A9F3278BF421002FD843 /* Debug */,
				B3F0A9F4278BF421002FD843 /* Release */,
			);
			defaultConfigurationIsVisible = 0;
			defaultConfigurationName = Release;
		};
		B3F0A9F5278BF421002FD843 /* Build configuration list for PBXNativeTarget "functionsTests" */ = {
			isa = XCConfigurationList;
			buildConfigurations = (
				B3F0A9F6278BF421002FD843 /* Debug */,
				B3F0A9F7278BF421002FD843 /* Release */,
			);
			defaultConfigurationIsVisible = 0;
			defaultConfigurationName = Release;
		};
		B3F0A9F8278BF421002FD843 /* Build configuration list for PBXNativeTarget "functionsUITests" */ = {
			isa = XCConfigurationList;
			buildConfigurations = (
				B3F0A9F9278BF421002FD843 /* Debug */,
				B3F0A9FA278BF421002FD843 /* Release */,
			);
			defaultConfigurationIsVisible = 0;
			defaultConfigurationName = Release;
		};
/* End XCConfigurationList section */
	};
	rootObject = B3F0A9C0278BF41F002FD843 /* Project object */;
}
